// !$*UTF8*$!
{
	archiveVersion = 1;
	classes = {
	};
	objectVersion = 46;
	objects = {

/* Begin PBXBuildFile section */
		22D82D15160B3D53009A95A5 /* UIKit.framework in Frameworks */ = {isa = PBXBuildFile; fileRef = 22D82D14160B3D53009A95A5 /* UIKit.framework */; };
		22D82D17160B3D53009A95A5 /* Foundation.framework in Frameworks */ = {isa = PBXBuildFile; fileRef = 22D82D16160B3D53009A95A5 /* Foundation.framework */; };
		22D82D19160B3D53009A95A5 /* CoreGraphics.framework in Frameworks */ = {isa = PBXBuildFile; fileRef = 22D82D18160B3D53009A95A5 /* CoreGraphics.framework */; };
		22D82D1F160B3D53009A95A5 /* InfoPlist.strings in Resources */ = {isa = PBXBuildFile; fileRef = 22D82D1D160B3D53009A95A5 /* InfoPlist.strings */; };
		22D82D21160B3D53009A95A5 /* main.m in Sources */ = {isa = PBXBuildFile; fileRef = 22D82D20160B3D53009A95A5 /* main.m */; };
		22D82D25160B3D53009A95A5 /* MHAppDelegate.m in Sources */ = {isa = PBXBuildFile; fileRef = 22D82D24160B3D53009A95A5 /* MHAppDelegate.m */; };
		22D82D2D160B3E0E009A95A5 /* MHRootViewController.m in Sources */ = {isa = PBXBuildFile; fileRef = 22D82D2C160B3E0D009A95A5 /* MHRootViewController.m */; };
		22D82D2F160B3E86009A95A5 /* MHRootViewController.xib in Resources */ = {isa = PBXBuildFile; fileRef = 22D82D2E160B3E86009A95A5 /* MHRootViewController.xib */; };
/* End PBXBuildFile section */

/* Begin PBXFileReference section */
		22D82D10160B3D53009A95A5 /* MemoryHog.app */ = {isa = PBXFileReference; explicitFileType = wrapper.application; includeInIndex = 0; path = MemoryHog.app; sourceTree = BUILT_PRODUCTS_DIR; };
		22D82D14160B3D53009A95A5 /* UIKit.framework */ = {isa = PBXFileReference; lastKnownFileType = wrapper.framework; name = UIKit.framework; path = System/Library/Frameworks/UIKit.framework; sourceTree = SDKROOT; };
		22D82D16160B3D53009A95A5 /* Foundation.framework */ = {isa = PBXFileReference; lastKnownFileType = wrapper.framework; name = Foundation.framework; path = System/Library/Frameworks/Foundation.framework; sourceTree = SDKROOT; };
		22D82D18160B3D53009A95A5 /* CoreGraphics.framework */ = {isa = PBXFileReference; lastKnownFileType = wrapper.framework; name = CoreGraphics.framework; path = System/Library/Frameworks/CoreGraphics.framework; sourceTree = SDKROOT; };
		22D82D1C160B3D53009A95A5 /* MemoryHog-Info.plist */ = {isa = PBXFileReference; lastKnownFileType = text.plist.xml; path = "MemoryHog-Info.plist"; sourceTree = "<group>"; };
		22D82D1E160B3D53009A95A5 /* en */ = {isa = PBXFileReference; lastKnownFileType = text.plist.strings; name = en; path = en.lproj/InfoPlist.strings; sourceTree = "<group>"; };
		22D82D20160B3D53009A95A5 /* main.m */ = {isa = PBXFileReference; lastKnownFileType = sourcecode.c.objc; path = main.m; sourceTree = "<group>"; };
		22D82D22160B3D53009A95A5 /* MemoryHog-Prefix.pch */ = {isa = PBXFileReference; lastKnownFileType = sourcecode.c.h; path = "MemoryHog-Prefix.pch"; sourceTree = "<group>"; };
		22D82D23160B3D53009A95A5 /* MHAppDelegate.h */ = {isa = PBXFileReference; lastKnownFileType = sourcecode.c.h; path = MHAppDelegate.h; sourceTree = "<group>"; };
		22D82D24160B3D53009A95A5 /* MHAppDelegate.m */ = {isa = PBXFileReference; lastKnownFileType = sourcecode.c.objc; path = MHAppDelegate.m; sourceTree = "<group>"; };
		22D82D2B160B3E0D009A95A5 /* MHRootViewController.h */ = {isa = PBXFileReference; fileEncoding = 4; lastKnownFileType = sourcecode.c.h; path = MHRootViewController.h; sourceTree = "<group>"; };
		22D82D2C160B3E0D009A95A5 /* MHRootViewController.m */ = {isa = PBXFileReference; fileEncoding = 4; lastKnownFileType = sourcecode.c.objc; path = MHRootViewController.m; sourceTree = "<group>"; };
		22D82D2E160B3E86009A95A5 /* MHRootViewController.xib */ = {isa = PBXFileReference; fileEncoding = 4; lastKnownFileType = file.xib; path = MHRootViewController.xib; sourceTree = "<group>"; };
/* End PBXFileReference section */

/* Begin PBXFrameworksBuildPhase section */
		22D82D0D160B3D53009A95A5 /* Frameworks */ = {
			isa = PBXFrameworksBuildPhase;
			buildActionMask = 2147483647;
			files = (
				22D82D15160B3D53009A95A5 /* UIKit.framework in Frameworks */,
				22D82D17160B3D53009A95A5 /* Foundation.framework in Frameworks */,
				22D82D19160B3D53009A95A5 /* CoreGraphics.framework in Frameworks */,
			);
			runOnlyForDeploymentPostprocessing = 0;
		};
/* End PBXFrameworksBuildPhase section */

/* Begin PBXGroup section */
		22D82D05160B3D53009A95A5 = {
			isa = PBXGroup;
			children = (
				22D82D13160B3D53009A95A5 /* Frameworks */,
				22D82D1A160B3D53009A95A5 /* MemoryHog */,
				22D82D11160B3D53009A95A5 /* Products */,
			);
			sourceTree = "<group>";
		};
		22D82D11160B3D53009A95A5 /* Products */ = {
			isa = PBXGroup;
			children = (
				22D82D10160B3D53009A95A5 /* MemoryHog.app */,
			);
			name = Products;
			sourceTree = "<group>";
		};
		22D82D13160B3D53009A95A5 /* Frameworks */ = {
			isa = PBXGroup;
			children = (
				22D82D14160B3D53009A95A5 /* UIKit.framework */,
				22D82D16160B3D53009A95A5 /* Foundation.framework */,
				22D82D18160B3D53009A95A5 /* CoreGraphics.framework */,
			);
			name = Frameworks;
			sourceTree = "<group>";
		};
		22D82D1A160B3D53009A95A5 /* MemoryHog */ = {
			isa = PBXGroup;
			children = (
				22D82D23160B3D53009A95A5 /* MHAppDelegate.h */,
				22D82D2B160B3E0D009A95A5 /* MHRootViewController.h */,
				22D82D24160B3D53009A95A5 /* MHAppDelegate.m */,
				22D82D2C160B3E0D009A95A5 /* MHRootViewController.m */,
				22D82D2E160B3E86009A95A5 /* MHRootViewController.xib */,
				22D82D1B160B3D53009A95A5 /* Supporting Files */,
			);
			path = MemoryHog;
			sourceTree = "<group>";
		};
		22D82D1B160B3D53009A95A5 /* Supporting Files */ = {
			isa = PBXGroup;
			children = (
				22D82D1C160B3D53009A95A5 /* MemoryHog-Info.plist */,
				22D82D1D160B3D53009A95A5 /* InfoPlist.strings */,
				22D82D20160B3D53009A95A5 /* main.m */,
				22D82D22160B3D53009A95A5 /* MemoryHog-Prefix.pch */,
			);
			name = "Supporting Files";
			sourceTree = "<group>";
		};
/* End PBXGroup section */

/* Begin PBXNativeTarget section */
		22D82D0F160B3D53009A95A5 /* MemoryHog */ = {
			isa = PBXNativeTarget;
			buildConfigurationList = 22D82D28160B3D53009A95A5 /* Build configuration list for PBXNativeTarget "MemoryHog" */;
			buildPhases = (
				22D82D0C160B3D53009A95A5 /* Sources */,
				22D82D0D160B3D53009A95A5 /* Frameworks */,
				22D82D0E160B3D53009A95A5 /* Resources */,
			);
			buildRules = (
			);
			dependencies = (
			);
			name = MemoryHog;
			productName = MemoryHog;
			productReference = 22D82D10160B3D53009A95A5 /* MemoryHog.app */;
			productType = "com.apple.product-type.application";
		};
/* End PBXNativeTarget section */

/* Begin PBXProject section */
		22D82D07160B3D53009A95A5 /* Project object */ = {
			isa = PBXProject;
			attributes = {
				CLASSPREFIX = MH;
				LastUpgradeCheck = 0440;
				ORGANIZATIONNAME = "Oozou Ltd.,";
			};
			buildConfigurationList = 22D82D0A160B3D53009A95A5 /* Build configuration list for PBXProject "MemoryHog" */;
			compatibilityVersion = "Xcode 3.2";
			developmentRegion = English;
			hasScannedForEncodings = 0;
			knownRegions = (
				en,
			);
			mainGroup = 22D82D05160B3D53009A95A5;
			productRefGroup = 22D82D11160B3D53009A95A5 /* Products */;
			projectDirPath = "";
			projectRoot = "";
			targets = (
				22D82D0F160B3D53009A95A5 /* MemoryHog */,
			);
		};
/* End PBXProject section */

/* Begin PBXResourcesBuildPhase section */
		22D82D0E160B3D53009A95A5 /* Resources */ = {
			isa = PBXResourcesBuildPhase;
			buildActionMask = 2147483647;
			files = (
				22D82D1F160B3D53009A95A5 /* InfoPlist.strings in Resources */,
				22D82D2F160B3E86009A95A5 /* MHRootViewController.xib in Resources */,
			);
			runOnlyForDeploymentPostprocessing = 0;
		};
/* End PBXResourcesBuildPhase section */

/* Begin PBXSourcesBuildPhase section */
		22D82D0C160B3D53009A95A5 /* Sources */ = {
			isa = PBXSourcesBuildPhase;
			buildActionMask = 2147483647;
			files = (
				22D82D21160B3D53009A95A5 /* main.m in Sources */,
				22D82D25160B3D53009A95A5 /* MHAppDelegate.m in Sources */,
				22D82D2D160B3E0E009A95A5 /* MHRootViewController.m in Sources */,
			);
			runOnlyForDeploymentPostprocessing = 0;
		};
/* End PBXSourcesBuildPhase section */

/* Begin PBXVariantGroup section */
		22D82D1D160B3D53009A95A5 /* InfoPlist.strings */ = {
			isa = PBXVariantGroup;
			children = (
				22D82D1E160B3D53009A95A5 /* en */,
			);
			name = InfoPlist.strings;
			sourceTree = "<group>";
		};
/* End PBXVariantGroup section */

/* Begin XCBuildConfiguration section */
		22D82D26160B3D53009A95A5 /* Debug */ = {
			isa = XCBuildConfiguration;
			buildSettings = {
				ALWAYS_SEARCH_USER_PATHS = NO;
				ARCHS = "$(ARCHS_STANDARD_32_BIT)";
				CLANG_CXX_LANGUAGE_STANDARD = "gnu++0x";
				CLANG_WARN__DUPLICATE_METHOD_MATCH = YES;
				"CODE_SIGN_IDENTITY[sdk=iphoneos*]" = "iPhone Developer";
				COPY_PHASE_STRIP = NO;
				GCC_C_LANGUAGE_STANDARD = gnu99;
				GCC_DYNAMIC_NO_PIC = NO;
				GCC_OPTIMIZATION_LEVEL = 0;
				GCC_PREPROCESSOR_DEFINITIONS = (
					"DEBUG=1",
					"$(inherited)",
				);
				GCC_SYMBOLS_PRIVATE_EXTERN = NO;
				GCC_VERSION = com.apple.compilers.llvm.clang.1_0;
				GCC_WARN_ABOUT_RETURN_TYPE = YES;
				GCC_WARN_UNINITIALIZED_AUTOS = YES;
				GCC_WARN_UNUSED_VARIABLE = YES;
				IPHONEOS_DEPLOYMENT_TARGET = 5.1;
				SDKROOT = iphoneos;
			};
			name = Debug;
		};
		22D82D27160B3D53009A95A5 /* Release */ = {
			isa = XCBuildConfiguration;
			buildSettings = {
				ALWAYS_SEARCH_USER_PATHS = NO;
				ARCHS = "$(ARCHS_STANDARD_32_BIT)";
				CLANG_CXX_LANGUAGE_STANDARD = "gnu++0x";
				CLANG_WARN__DUPLICATE_METHOD_MATCH = YES;
				"CODE_SIGN_IDENTITY[sdk=iphoneos*]" = "iPhone Developer";
				COPY_PHASE_STRIP = YES;
				GCC_C_LANGUAGE_STANDARD = gnu99;
				GCC_VERSION = com.apple.compilers.llvm.clang.1_0;
				GCC_WARN_ABOUT_RETURN_TYPE = YES;
				GCC_WARN_UNINITIALIZED_AUTOS = YES;
				GCC_WARN_UNUSED_VARIABLE = YES;
				IPHONEOS_DEPLOYMENT_TARGET = 5.1;
				OTHER_CFLAGS = "-DNS_BLOCK_ASSERTIONS=1";
				SDKROOT = iphoneos;
				VALIDATE_PRODUCT = YES;
			};
			name = Release;
		};
		22D82D29160B3D53009A95A5 /* Debug */ = {
			isa = XCBuildConfiguration;
			buildSettings = {
				GCC_PRECOMPILE_PREFIX_HEADER = YES;
				GCC_PREFIX_HEADER = "MemoryHog/MemoryHog-Prefix.pch";
				INFOPLIST_FILE = "MemoryHog/MemoryHog-Info.plist";
				PRODUCT_NAME = "$(TARGET_NAME)";
				WRAPPER_EXTENSION = app;
			};
			name = Debug;
		};
		22D82D2A160B3D53009A95A5 /* Release */ = {
			isa = XCBuildConfiguration;
			buildSettings = {
				GCC_PRECOMPILE_PREFIX_HEADER = YES;
				GCC_PREFIX_HEADER = "MemoryHog/MemoryHog-Prefix.pch";
				INFOPLIST_FILE = "MemoryHog/MemoryHog-Info.plist";
				PRODUCT_NAME = "$(TARGET_NAME)";
				WRAPPER_EXTENSION = app;
			};
			name = Release;
		};
/* End XCBuildConfiguration section */

/* Begin XCConfigurationList section */
		22D82D0A160B3D53009A95A5 /* Build configuration list for PBXProject "MemoryHog" */ = {
			isa = XCConfigurationList;
			buildConfigurations = (
				22D82D26160B3D53009A95A5 /* Debug */,
				22D82D27160B3D53009A95A5 /* Release */,
			);
			defaultConfigurationIsVisible = 0;
			defaultConfigurationName = Release;
		};
		22D82D28160B3D53009A95A5 /* Build configuration list for PBXNativeTarget "MemoryHog" */ = {
			isa = XCConfigurationList;
			buildConfigurations = (
				22D82D29160B3D53009A95A5 /* Debug */,
				22D82D2A160B3D53009A95A5 /* Release */,
			);
			defaultConfigurationIsVisible = 0;
		};
/* End XCConfigurationList section */
	};
	rootObject = 22D82D07160B3D53009A95A5 /* Project object */;
}
